
Microsoft Visual Studio Solution File, Format Version 12.00
# Visual Studio Version 17
VisualStudioVersion = 17.5.002.0
MinimumVisualStudioVersion = 10.0.40219.1
Project("{9A19103F-16F7-4668-BE54-9A1E7A4F7556}") = "StackTrace_Example", "StackTrace_Example.csproj", "{7735B678-1E86-4984-8DD0-5CE7203F7CC2}"
EndProject
Global
	GlobalSection(SolutionConfigurationPlatforms) = preSolution
		Debug|Any CPU = Debug|Any CPU
		Release|Any CPU = Release|Any CPU
	EndGlobalSection
	GlobalSection(ProjectConfigurationPlatforms) = postSolution
		{7735B678-1E86-4984-8DD0-5CE7203F7CC2}.Debug|Any CPU.ActiveCfg = Debug|Any CPU
		{7735B678-1E86-4984-8DD0-5CE7203F7CC2}.Debug|Any CPU.Build.0 = Debug|Any CPU
		{7735B678-1E86-4984-8DD0-5CE7203F7CC2}.Release|Any CPU.ActiveCfg = Release|Any CPU
		{7735B678-1E86-4984-8DD0-5CE7203F7CC2}.Release|Any CPU.Build.0 = Release|Any CPU
	EndGlobalSection
	GlobalSection(SolutionProperties) = preSolution
		HideSolutionNode = FALSE
	EndGlobalSection
	GlobalSection(ExtensibilityGlobals) = postSolution
		SolutionGuid = {2A75B9B2-887B-404D-9B38-F0C827A57F71}
	EndGlobalSection
EndGlobal
